// !$*UTF8*$!
{
	archiveVersion = 1;
	classes = {
	};
	objectVersion = 46;
	objects = {

/* Begin PBXBuildFile section */
		891F19F91B5F3D170043C74A /* main.m in Sources */ = {isa = PBXBuildFile; fileRef = 891F19F81B5F3D170043C74A /* main.m */; };
		891F19FC1B5F3D170043C74A /* AppDelegate.m in Sources */ = {isa = PBXBuildFile; fileRef = 891F19FB1B5F3D170043C74A /* AppDelegate.m */; };
		891F19FF1B5F3D170043C74A /* ViewController.m in Sources */ = {isa = PBXBuildFile; fileRef = 891F19FE1B5F3D170043C74A /* ViewController.m */; };
		891F1A021B5F3D170043C74A /* Main.storyboard in Resources */ = {isa = PBXBuildFile; fileRef = 891F1A001B5F3D170043C74A /* Main.storyboard */; };
		891F1A041B5F3D170043C74A /* Images.xcassets in Resources */ = {isa = PBXBuildFile; fileRef = 891F1A031B5F3D170043C74A /* Images.xcassets */; };
		891F1A071B5F3D170043C74A /* LaunchScreen.xib in Resources */ = {isa = PBXBuildFile; fileRef = 891F1A051B5F3D170043C74A /* LaunchScreen.xib */; };
		891F1A131B5F3D170043C74A /* CoreRegTests.m in Sources */ = {isa = PBXBuildFile; fileRef = 891F1A121B5F3D170043C74A /* CoreRegTests.m */; };
		891F1A221B5F3D2B0043C74A /* RegExCategories.m in Sources */ = {isa = PBXBuildFile; fileRef = 891F1A1F1B5F3D2B0043C74A /* RegExCategories.m */; };
		891F1A231B5F3D2B0043C74A /* NSString+RegExtend.m in Sources */ = {isa = PBXBuildFile; fileRef = 891F1A211B5F3D2B0043C74A /* NSString+RegExtend.m */; };
/* End PBXBuildFile section */

/* Begin PBXContainerItemProxy section */
		891F1A0D1B5F3D170043C74A /* PBXContainerItemProxy */ = {
			isa = PBXContainerItemProxy;
			containerPortal = 891F19EB1B5F3D170043C74A /* Project object */;
			proxyType = 1;
			remoteGlobalIDString = 891F19F21B5F3D170043C74A;
			remoteInfo = CoreReg;
		};
/* End PBXContainerItemProxy section */

/* Begin PBXFileReference section */
		891F19F31B5F3D170043C74A /* CoreReg.app */ = {isa = PBXFileReference; explicitFileType = wrapper.application; includeInIndex = 0; path = CoreReg.app; sourceTree = BUILT_PRODUCTS_DIR; };
		891F19F71B5F3D170043C74A /* Info.plist */ = {isa = PBXFileReference; lastKnownFileType = text.plist.xml; path = Info.plist; sourceTree = "<group>"; };
		891F19F81B5F3D170043C74A /* main.m */ = {isa = PBXFileReference; lastKnownFileType = sourcecode.c.objc; path = main.m; sourceTree = "<group>"; };
		891F19FA1B5F3D170043C74A /* AppDelegate.h */ = {isa = PBXFileReference; lastKnownFileType = sourcecode.c.h; path = AppDelegate.h; sourceTree = "<group>"; };
		891F19FB1B5F3D170043C74A /* AppDelegate.m */ = {isa = PBXFileReference; lastKnownFileType = sourcecode.c.objc; path = AppDelegate.m; sourceTree = "<group>"; };
		891F19FD1B5F3D170043C74A /* ViewController.h */ = {isa = PBXFileReference; lastKnownFileType = sourcecode.c.h; path = ViewController.h; sourceTree = "<group>"; };
		891F19FE1B5F3D170043C74A /* ViewController.m */ = {isa = PBXFileReference; lastKnownFileType = sourcecode.c.objc; path = ViewController.m; sourceTree = "<group>"; };
		891F1A011B5F3D170043C74A /* Base */ = {isa = PBXFileReference; lastKnownFileType = file.storyboard; name = Base; path = Base.lproj/Main.storyboard; sourceTree = "<group>"; };
		891F1A031B5F3D170043C74A /* Images.xcassets */ = {isa = PBXFileReference; lastKnownFileType = folder.assetcatalog; path = Images.xcassets; sourceTree = "<group>"; };
		891F1A061B5F3D170043C74A /* Base */ = {isa = PBXFileReference; lastKnownFileType = file.xib; name = Base; path = Base.lproj/LaunchScreen.xib; sourceTree = "<group>"; };
		891F1A0C1B5F3D170043C74A /* CoreRegTests.xctest */ = {isa = PBXFileReference; explicitFileType = wrapper.cfbundle; includeInIndex = 0; path = CoreRegTests.xctest; sourceTree = BUILT_PRODUCTS_DIR; };
		891F1A111B5F3D170043C74A /* Info.plist */ = {isa = PBXFileReference; lastKnownFileType = text.plist.xml; path = Info.plist; sourceTree = "<group>"; };
		891F1A121B5F3D170043C74A /* CoreRegTests.m */ = {isa = PBXFileReference; lastKnownFileType = sourcecode.c.objc; path = CoreRegTests.m; sourceTree = "<group>"; };
		891F1A1E1B5F3D2B0043C74A /* RegExCategories.h */ = {isa = PBXFileReference; fileEncoding = 4; lastKnownFileType = sourcecode.c.h; path = RegExCategories.h; sourceTree = "<group>"; };
		891F1A1F1B5F3D2B0043C74A /* RegExCategories.m */ = {isa = PBXFileReference; fileEncoding = 4; lastKnownFileType = sourcecode.c.objc; path = RegExCategories.m; sourceTree = "<group>"; };
		891F1A201B5F3D2B0043C74A /* NSString+RegExtend.h */ = {isa = PBXFileReference; fileEncoding = 4; lastKnownFileType = sourcecode.c.h; path = "NSString+RegExtend.h"; sourceTree = "<group>"; };
		891F1A211B5F3D2B0043C74A /* NSString+RegExtend.m */ = {isa = PBXFileReference; fileEncoding = 4; lastKnownFileType = sourcecode.c.objc; path = "NSString+RegExtend.m"; sourceTree = "<group>"; };
/* End PBXFileReference section */

/* Begin PBXFrameworksBuildPhase section */
		891F19F01B5F3D170043C74A /* Frameworks */ = {
			isa = PBXFrameworksBuildPhase;
			buildActionMask = 2147483647;
			files = (
			);
			runOnlyForDeploymentPostprocessing = 0;
		};
		891F1A091B5F3D170043C74A /* Frameworks */ = {
			isa = PBXFrameworksBuildPhase;
			buildActionMask = 2147483647;
			files = (
			);
			runOnlyForDeploymentPostprocessing = 0;
		};
/* End PBXFrameworksBuildPhase section */

/* Begin PBXGroup section */
		891F19EA1B5F3D170043C74A = {
			isa = PBXGroup;
			children = (
				891F19F51B5F3D170043C74A /* CoreReg */,
				891F1A0F1B5F3D170043C74A /* CoreRegTests */,
				891F19F41B5F3D170043C74A /* Products */,
			);
			sourceTree = "<group>";
		};
		891F19F41B5F3D170043C74A /* Products */ = {
			isa = PBXGroup;
			children = (
				891F19F31B5F3D170043C74A /* CoreReg.app */,
				891F1A0C1B5F3D170043C74A /* CoreRegTests.xctest */,
			);
			name = Products;
			sourceTree = "<group>";
		};
		891F19F51B5F3D170043C74A /* CoreReg */ = {
			isa = PBXGroup;
			children = (
				891F1A1C1B5F3D2B0043C74A /* CoreReg */,
				891F19FA1B5F3D170043C74A /* AppDelegate.h */,
				891F19FB1B5F3D170043C74A /* AppDelegate.m */,
				891F19FD1B5F3D170043C74A /* ViewController.h */,
				891F19FE1B5F3D170043C74A /* ViewController.m */,
				891F1A001B5F3D170043C74A /* Main.storyboard */,
				891F1A031B5F3D170043C74A /* Images.xcassets */,
				891F1A051B5F3D170043C74A /* LaunchScreen.xib */,
				891F19F61B5F3D170043C74A /* Supporting Files */,
			);
			path = CoreReg;
			sourceTree = "<group>";
		};
		891F19F61B5F3D170043C74A /* Supporting Files */ = {
			isa = PBXGroup;
			children = (
				891F19F71B5F3D170043C74A /* Info.plist */,
				891F19F81B5F3D170043C74A /* main.m */,
			);
			name = "Supporting Files";
			sourceTree = "<group>";
		};
		891F1A0F1B5F3D170043C74A /* CoreRegTests */ = {
			isa = PBXGroup;
			children = (
				891F1A121B5F3D170043C74A /* CoreRegTests.m */,
				891F1A101B5F3D170043C74A /* Supporting Files */,
			);
			path = CoreRegTests;
			sourceTree = "<group>";
		};
		891F1A101B5F3D170043C74A /* Supporting Files */ = {
			isa = PBXGroup;
			children = (
				891F1A111B5F3D170043C74A /* Info.plist */,
			);
			name = "Supporting Files";
			sourceTree = "<group>";
		};
		891F1A1C1B5F3D2B0043C74A /* CoreReg */ = {
			isa = PBXGroup;
			children = (
				891F1A1D1B5F3D2B0043C74A /* Lib */,
				891F1A201B5F3D2B0043C74A /* NSString+RegExtend.h */,
				891F1A211B5F3D2B0043C74A /* NSString+RegExtend.m */,
			);
			path = CoreReg;
			sourceTree = "<group>";
		};
		891F1A1D1B5F3D2B0043C74A /* Lib */ = {
			isa = PBXGroup;
			children = (
				891F1A1E1B5F3D2B0043C74A /* RegExCategories.h */,
				891F1A1F1B5F3D2B0043C74A /* RegExCategories.m */,
			);
			path = Lib;
			sourceTree = "<group>";
		};
/* End PBXGroup section */

/* Begin PBXNativeTarget section */
		891F19F21B5F3D170043C74A /* CoreReg */ = {
			isa = PBXNativeTarget;
			buildConfigurationList = 891F1A161B5F3D170043C74A /* Build configuration list for PBXNativeTarget "CoreReg" */;
			buildPhases = (
				891F19EF1B5F3D170043C74A /* Sources */,
				891F19F01B5F3D170043C74A /* Frameworks */,
				891F19F11B5F3D170043C74A /* Resources */,
			);
			buildRules = (
			);
			dependencies = (
			);
			name = CoreReg;
			productName = CoreReg;
			productReference = 891F19F31B5F3D170043C74A /* CoreReg.app */;
			productType = "com.apple.product-type.application";
		};
		891F1A0B1B5F3D170043C74A /* CoreRegTests */ = {
			isa = PBXNativeTarget;
			buildConfigurationList = 891F1A191B5F3D170043C74A /* Build configuration list for PBXNativeTarget "CoreRegTests" */;
			buildPhases = (
				891F1A081B5F3D170043C74A /* Sources */,
				891F1A091B5F3D170043C74A /* Frameworks */,
				891F1A0A1B5F3D170043C74A /* Resources */,
			);
			buildRules = (
			);
			dependencies = (
				891F1A0E1B5F3D170043C74A /* PBXTargetDependency */,
			);
			name = CoreRegTests;
			productName = CoreRegTests;
			productReference = 891F1A0C1B5F3D170043C74A /* CoreRegTests.xctest */;
			productType = "com.apple.product-type.bundle.unit-test";
		};
/* End PBXNativeTarget section */

/* Begin PBXProject section */
		891F19EB1B5F3D170043C74A /* Project object */ = {
			isa = PBXProject;
			attributes = {
				LastUpgradeCheck = 0630;
				ORGANIZATIONNAME = "冯成林";
				TargetAttributes = {
					891F19F21B5F3D170043C74A = {
						CreatedOnToolsVersion = 6.3.1;
					};
					891F1A0B1B5F3D170043C74A = {
						CreatedOnToolsVersion = 6.3.1;
						TestTargetID = 891F19F21B5F3D170043C74A;
					};
				};
			};
			buildConfigurationList = 891F19EE1B5F3D170043C74A /* Build configuration list for PBXProject "CoreReg" */;
			compatibilityVersion = "Xcode 3.2";
			developmentRegion = English;
			hasScannedForEncodings = 0;
			knownRegions = (
				en,
				Base,
			);
			mainGroup = 891F19EA1B5F3D170043C74A;
			productRefGroup = 891F19F41B5F3D170043C74A /* Products */;
			projectDirPath = "";
			projectRoot = "";
			targets = (
				891F19F21B5F3D170043C74A /* CoreReg */,
				891F1A0B1B5F3D170043C74A /* CoreRegTests */,
			);
		};
/* End PBXProject section */

/* Begin PBXResourcesBuildPhase section */
		891F19F11B5F3D170043C74A /* Resources */ = {
			isa = PBXResourcesBuildPhase;
			buildActionMask = 2147483647;
			files = (
				891F1A021B5F3D170043C74A /* Main.storyboard in Resources */,
				891F1A071B5F3D170043C74A /* LaunchScreen.xib in Resources */,
				891F1A041B5F3D170043C74A /* Images.xcassets in Resources */,
			);
			runOnlyForDeploymentPostprocessing = 0;
		};
		891F1A0A1B5F3D170043C74A /* Resources */ = {
			isa = PBXResourcesBuildPhase;
			buildActionMask = 2147483647;
			files = (
			);
			runOnlyForDeploymentPostprocessing = 0;
		};
/* End PBXResourcesBuildPhase section */

/* Begin PBXSourcesBuildPhase section */
		891F19EF1B5F3D170043C74A /* Sources */ = {
			isa = PBXSourcesBuildPhase;
			buildActionMask = 2147483647;
			files = (
				891F19FF1B5F3D170043C74A /* ViewController.m in Sources */,
				891F1A221B5F3D2B0043C74A /* RegExCategories.m in Sources */,
				891F1A231B5F3D2B0043C74A /* NSString+RegExtend.m in Sources */,
				891F19FC1B5F3D170043C74A /* AppDelegate.m in Sources */,
				891F19F91B5F3D170043C74A /* main.m in Sources */,
			);
			runOnlyForDeploymentPostprocessing = 0;
		};
		891F1A081B5F3D170043C74A /* Sources */ = {
			isa = PBXSourcesBuildPhase;
			buildActionMask = 2147483647;
			files = (
				891F1A131B5F3D170043C74A /* CoreRegTests.m in Sources */,
			);
			runOnlyForDeploymentPostprocessing = 0;
		};
/* End PBXSourcesBuildPhase section */

/* Begin PBXTargetDependency section */
		891F1A0E1B5F3D170043C74A /* PBXTargetDependency */ = {
			isa = PBXTargetDependency;
			target = 891F19F21B5F3D170043C74A /* CoreReg */;
			targetProxy = 891F1A0D1B5F3D170043C74A /* PBXContainerItemProxy */;
		};
/* End PBXTargetDependency section */

/* Begin PBXVariantGroup section */
		891F1A001B5F3D170043C74A /* Main.storyboard */ = {
			isa = PBXVariantGroup;
			children = (
				891F1A011B5F3D170043C74A /* Base */,
			);
			name = Main.storyboard;
			sourceTree = "<group>";
		};
		891F1A051B5F3D170043C74A /* LaunchScreen.xib */ = {
			isa = PBXVariantGroup;
			children = (
				891F1A061B5F3D170043C74A /* Base */,
			);
			name = LaunchScreen.xib;
			sourceTree = "<group>";
		};
/* End PBXVariantGroup section */

/* Begin XCBuildConfiguration section */
		891F1A141B5F3D170043C74A /* Debug */ = {
			isa = XCBuildConfiguration;
			buildSettings = {
				ALWAYS_SEARCH_USER_PATHS = NO;
				CLANG_CXX_LANGUAGE_STANDARD = "gnu++0x";
				CLANG_CXX_LIBRARY = "libc++";
				CLANG_ENABLE_MODULES = YES;
				CLANG_ENABLE_OBJC_ARC = YES;
				CLANG_WARN_BOOL_CONVERSION = YES;
				CLANG_WARN_CONSTANT_CONVERSION = YES;
				CLANG_WARN_DIRECT_OBJC_ISA_USAGE = YES_ERROR;
				CLANG_WARN_EMPTY_BODY = YES;
				CLANG_WARN_ENUM_CONVERSION = YES;
				CLANG_WARN_INT_CONVERSION = YES;
				CLANG_WARN_OBJC_ROOT_CLASS = YES_ERROR;
				CLANG_WARN_UNREACHABLE_CODE = YES;
				CLANG_WARN__DUPLICATE_METHOD_MATCH = YES;
				"CODE_SIGN_IDENTITY[sdk=iphoneos*]" = "iPhone Developer";
				COPY_PHASE_STRIP = NO;
				DEBUG_INFORMATION_FORMAT = "dwarf-with-dsym";
				ENABLE_STRICT_OBJC_MSGSEND = YES;
				GCC_C_LANGUAGE_STANDARD = gnu99;
				GCC_DYNAMIC_NO_PIC = NO;
				GCC_NO_COMMON_BLOCKS = YES;
				GCC_OPTIMIZATION_LEVEL = 0;
				GCC_PREPROCESSOR_DEFINITIONS = (
					"DEBUG=1",
					"$(inherited)",
				);
				GCC_SYMBOLS_PRIVATE_EXTERN = NO;
				GCC_WARN_64_TO_32_BIT_CONVERSION = YES;
				GCC_WARN_ABOUT_RETURN_TYPE = YES_ERROR;
				GCC_WARN_UNDECLARED_SELECTOR = YES;
				GCC_WARN_UNINITIALIZED_AUTOS = YES_AGGRESSIVE;
				GCC_WARN_UNUSED_FUNCTION = YES;
				GCC_WARN_UNUSED_VARIABLE = YES;
				IPHONEOS_DEPLOYMENT_TARGET = 8.3;
				MTL_ENABLE_DEBUG_INFO = YES;
				ONLY_ACTIVE_ARCH = YES;
				SDKROOT = iphoneos;
			};
			name = Debug;
		};
		891F1A151B5F3D170043C74A /* Release */ = {
			isa = XCBuildConfiguration;
			buildSettings = {
				ALWAYS_SEARCH_USER_PATHS = NO;
				CLANG_CXX_LANGUAGE_STANDARD = "gnu++0x";
				CLANG_CXX_LIBRARY = "libc++";
				CLANG_ENABLE_MODULES = YES;
				CLANG_ENABLE_OBJC_ARC = YES;
				CLANG_WARN_BOOL_CONVERSION = YES;
				CLANG_WARN_CONSTANT_CONVERSION = YES;
				CLANG_WARN_DIRECT_OBJC_ISA_USAGE = YES_ERROR;
				CLANG_WARN_EMPTY_BODY = YES;
				CLANG_WARN_ENUM_CONVERSION = YES;
				CLANG_WARN_INT_CONVERSION = YES;
				CLANG_WARN_OBJC_ROOT_CLASS = YES_ERROR;
				CLANG_WARN_UNREACHABLE_CODE = YES;
				CLANG_WARN__DUPLICATE_METHOD_MATCH = YES;
				"CODE_SIGN_IDENTITY[sdk=iphoneos*]" = "iPhone Developer";
				COPY_PHASE_STRIP = NO;
				DEBUG_INFORMATION_FORMAT = "dwarf-with-dsym";
				ENABLE_NS_ASSERTIONS = NO;
				ENABLE_STRICT_OBJC_MSGSEND = YES;
				GCC_C_LANGUAGE_STANDARD = gnu99;
				GCC_NO_COMMON_BLOCKS = YES;
				GCC_WARN_64_TO_32_BIT_CONVERSION = YES;
				GCC_WARN_ABOUT_RETURN_TYPE = YES_ERROR;
				GCC_WARN_UNDECLARED_SELECTOR = YES;
				GCC_WARN_UNINITIALIZED_AUTOS = YES_AGGRESSIVE;
				GCC_WARN_UNUSED_FUNCTION = YES;
				GCC_WARN_UNUSED_VARIABLE = YES;
				IPHONEOS_DEPLOYMENT_TARGET = 8.3;
				MTL_ENABLE_DEBUG_INFO = NO;
				SDKROOT = iphoneos;
				VALIDATE_PRODUCT = YES;
			};
			name = Release;
		};
		891F1A171B5F3D170043C74A /* Debug */ = {
			isa = XCBuildConfiguration;
			buildSettings = {
				ASSETCATALOG_COMPILER_APPICON_NAME = AppIcon;
				ASSETCATALOG_COMPILER_LAUNCHIMAGE_NAME = LaunchImage;
				INFOPLIST_FILE = CoreReg/Info.plist;
				IPHONEOS_DEPLOYMENT_TARGET = 7.0;
				LD_RUNPATH_SEARCH_PATHS = "$(inherited) @executable_path/Frameworks";
				PRODUCT_NAME = "$(TARGET_NAME)";
			};
			name = Debug;
		};
		891F1A181B5F3D170043C74A /* Release */ = {
			isa = XCBuildConfiguration;
			buildSettings = {
				ASSETCATALOG_COMPILER_APPICON_NAME = AppIcon;
				ASSETCATALOG_COMPILER_LAUNCHIMAGE_NAME = LaunchImage;
				INFOPLIST_FILE = CoreReg/Info.plist;
				IPHONEOS_DEPLOYMENT_TARGET = 7.0;
				LD_RUNPATH_SEARCH_PATHS = "$(inherited) @executable_path/Frameworks";
				PRODUCT_NAME = "$(TARGET_NAME)";
			};
			name = Release;
		};
		891F1A1A1B5F3D170043C74A /* Debug */ = {
			isa = XCBuildConfiguration;
			buildSettings = {
				BUNDLE_LOADER = "$(TEST_HOST)";
				FRAMEWORK_SEARCH_PATHS = (
					"$(SDKROOT)/Developer/Library/Frameworks",
					"$(inherited)",
				);
				GCC_PREPROCESSOR_DEFINITIONS = (
					"DEBUG=1",
					"$(inherited)",
				);
				INFOPLIST_FILE = CoreRegTests/Info.plist;
				LD_RUNPATH_SEARCH_PATHS = "$(inherited) @executable_path/Frameworks @loader_path/Frameworks";
				PRODUCT_NAME = "$(TARGET_NAME)";
				TEST_HOST = "$(BUILT_PRODUCTS_DIR)/CoreReg.app/CoreReg";
			};
			name = Debug;
		};
		891F1A1B1B5F3D170043C74A /* Release */ = {
			isa = XCBuildConfiguration;
			buildSettings = {
				BUNDLE_LOADER = "$(TEST_HOST)";
				FRAMEWORK_SEARCH_PATHS = (
					"$(SDKROOT)/Developer/Library/Frameworks",
					"$(inherited)",
				);
				INFOPLIST_FILE = CoreRegTests/Info.plist;
				LD_RUNPATH_SEARCH_PATHS = "$(inherited) @executable_path/Frameworks @loader_path/Frameworks";
				PRODUCT_NAME = "$(TARGET_NAME)";
				TEST_HOST = "$(BUILT_PRODUCTS_DIR)/CoreReg.app/CoreReg";
			};
			name = Release;
		};
/* End XCBuildConfiguration section */

/* Begin XCConfigurationList section */
		891F19EE1B5F3D170043C74A /* Build configuration list for PBXProject "CoreReg" */ = {
			isa = XCConfigurationList;
			buildConfigurations = (
				891F1A141B5F3D170043C74A /* Debug */,
				891F1A151B5F3D170043C74A /* Release */,
			);
			defaultConfigurationIsVisible = 0;
			defaultConfigurationName = Release;
		};
		891F1A161B5F3D170043C74A /* Build configuration list for PBXNativeTarget "CoreReg" */ = {
			isa = XCConfigurationList;
			buildConfigurations = (
				891F1A171B5F3D170043C74A /* Debug */,
				891F1A181B5F3D170043C74A /* Release */,
			);
			defaultConfigurationIsVisible = 0;
		};
		891F1A191B5F3D170043C74A /* Build configuration list for PBXNativeTarget "CoreRegTests" */ = {
			isa = XCConfigurationList;
			buildConfigurations = (
				891F1A1A1B5F3D170043C74A /* Debug */,
				891F1A1B1B5F3D170043C74A /* Release */,
			);
			defaultConfigurationIsVisible = 0;
		};
/* End XCConfigurationList section */
	};
	rootObject = 891F19EB1B5F3D170043C74A /* Project object */;
}
